
Microsoft Visual Studio Solution File, Format Version 12.00
# Visual Studio Version 16
VisualStudioVersion = 16.0.29920.165
MinimumVisualStudioVersion = 10.0.40219.1
Project("{FAE04EC0-301F-11D3-BF4B-00C04F79EFBC}") = "Facturador_EFCore3", "Facturador_EFCore3.csproj", "{1F1816D7-228D-418F-AEB7-ED212D794C09}"
EndProject
Project("{FAE04EC0-301F-11D3-BF4B-00C04F79EFBC}") = "Facturador_EFCore3_Test", "..\Facturador_EFCore3_Test\Facturador_EFCore3_Test.csproj", "{AEC846C0-C300-4205-AFC3-EC1663FEF670}"
EndProject
Project("{FAE04EC0-301F-11D3-BF4B-00C04F79EFBC}") = "Facturador_EFCore3_PruebasIntegracion", "..\Facturador_EFCore3_PruebasIntegracion\Facturador_EFCore3_PruebasIntegracion.csproj", "{E2FBFD00-7F81-4ADB-B926-22C7B16873D8}"
EndProject
Global
	GlobalSection(SolutionConfigurationPlatforms) = preSolution
		Debug|Any CPU = Debug|Any CPU
		Release|Any CPU = Release|Any CPU
	EndGlobalSection
	GlobalSection(ProjectConfigurationPlatforms) = postSolution
		{1F1816D7-228D-418F-AEB7-ED212D794C09}.Debug|Any CPU.ActiveCfg = Debug|Any CPU
		{1F1816D7-228D-418F-AEB7-ED212D794C09}.Debug|Any CPU.Build.0 = Debug|Any CPU
		{1F1816D7-228D-418F-AEB7-ED212D794C09}.Release|Any CPU.ActiveCfg = Release|Any CPU
		{1F1816D7-228D-418F-AEB7-ED212D794C09}.Release|Any CPU.Build.0 = Release|Any CPU
		{AEC846C0-C300-4205-AFC3-EC1663FEF670}.Debug|Any CPU.ActiveCfg = Debug|Any CPU
		{AEC846C0-C300-4205-AFC3-EC1663FEF670}.Debug|Any CPU.Build.0 = Debug|Any CPU
		{AEC846C0-C300-4205-AFC3-EC1663FEF670}.Release|Any CPU.ActiveCfg = Release|Any CPU
		{AEC846C0-C300-4205-AFC3-EC1663FEF670}.Release|Any CPU.Build.0 = Release|Any CPU
		{E2FBFD00-7F81-4ADB-B926-22C7B16873D8}.Debug|Any CPU.ActiveCfg = Debug|Any CPU
		{E2FBFD00-7F81-4ADB-B926-22C7B16873D8}.Debug|Any CPU.Build.0 = Debug|Any CPU
		{E2FBFD00-7F81-4ADB-B926-22C7B16873D8}.Release|Any CPU.ActiveCfg = Release|Any CPU
		{E2FBFD00-7F81-4ADB-B926-22C7B16873D8}.Release|Any CPU.Build.0 = Release|Any CPU
	EndGlobalSection
	GlobalSection(SolutionProperties) = preSolution
		HideSolutionNode = FALSE
	EndGlobalSection
	GlobalSection(ExtensibilityGlobals) = postSolution
		SolutionGuid = {F5F7D6DD-271A-410B-A971-400C6B9AE86C}
	EndGlobalSection
EndGlobal
